# generated by rye
# use `rye lock` or `rye sync` to update this lockfile
#
# last locked with the following flags:
#   pre: false
#   features: []
#   all-features: false
#   with-sources: false

-e file:.
colorama==0.4.6
    # via tqdm
duckdb==0.10.0
    # via try-lance
numpy==1.26.4
    # via pandas
    # via pyarrow
    # via pylance
    # via try-lance
pandas==2.2.0
    # via try-lance
pyarrow==15.0.0
    # via pylance
    # via try-lance
pylance==0.9.17
    # via try-lance
python-dateutil==2.8.2
    # via pandas
pytz==2024.1
    # via pandas
six==1.16.0
    # via python-dateutil
tqdm==4.66.2
    # via try-lance
tzdata==2024.1
    # via pandas
